
Microsoft Visual Studio Solution File, Format Version 12.00
# Visual Studio Version 16
VisualStudioVersion = 16.0.30011.22
MinimumVisualStudioVersion = 10.0.40219.1
Project("{FAE04EC0-301F-11D3-BF4B-00C04F79EFBC}") = "BETEFSotware", "BETEFSotware.csproj", "{CD1ECFF8-DA8D-4210-8C92-6AEE85A52BA5}"
EndProject
Project("{FAE04EC0-301F-11D3-BF4B-00C04F79EFBC}") = "BET.Domain", "BET.Domain\BET.Domain.csproj", "{C2C78C4E-4476-4892-B222-E3C0122E8457}"
EndProject
Project("{FAE04EC0-301F-11D3-BF4B-00C04F79EFBC}") = "BETWeb", "BETWeb\BETWeb.csproj", "{AFCDA9D6-F74F-40EC-A1F6-D8AD3DB851CA}"
EndProject
Project("{FAE04EC0-301F-11D3-BF4B-00C04F79EFBC}") = "BETWeb.Tests", "BETWeb.Tests\BETWeb.Tests.csproj", "{4FA553B1-81BA-4E5C-A1AD-D3E025B99343}"
EndProject
Global
	GlobalSection(SolutionConfigurationPlatforms) = preSolution
		Debug|Any CPU = Debug|Any CPU
		Release|Any CPU = Release|Any CPU
	EndGlobalSection
	GlobalSection(ProjectConfigurationPlatforms) = postSolution
		{CD1ECFF8-DA8D-4210-8C92-6AEE85A52BA5}.Debug|Any CPU.ActiveCfg = Debug|Any CPU
		{CD1ECFF8-DA8D-4210-8C92-6AEE85A52BA5}.Debug|Any CPU.Build.0 = Debug|Any CPU
		{CD1ECFF8-DA8D-4210-8C92-6AEE85A52BA5}.Release|Any CPU.ActiveCfg = Release|Any CPU
		{CD1ECFF8-DA8D-4210-8C92-6AEE85A52BA5}.Release|Any CPU.Build.0 = Release|Any CPU
		{C2C78C4E-4476-4892-B222-E3C0122E8457}.Debug|Any CPU.ActiveCfg = Debug|Any CPU
		{C2C78C4E-4476-4892-B222-E3C0122E8457}.Debug|Any CPU.Build.0 = Debug|Any CPU
		{C2C78C4E-4476-4892-B222-E3C0122E8457}.Release|Any CPU.ActiveCfg = Release|Any CPU
		{C2C78C4E-4476-4892-B222-E3C0122E8457}.Release|Any CPU.Build.0 = Release|Any CPU
		{AFCDA9D6-F74F-40EC-A1F6-D8AD3DB851CA}.Debug|Any CPU.ActiveCfg = Debug|Any CPU
		{AFCDA9D6-F74F-40EC-A1F6-D8AD3DB851CA}.Debug|Any CPU.Build.0 = Debug|Any CPU
		{AFCDA9D6-F74F-40EC-A1F6-D8AD3DB851CA}.Release|Any CPU.ActiveCfg = Release|Any CPU
		{AFCDA9D6-F74F-40EC-A1F6-D8AD3DB851CA}.Release|Any CPU.Build.0 = Release|Any CPU
		{4FA553B1-81BA-4E5C-A1AD-D3E025B99343}.Debug|Any CPU.ActiveCfg = Debug|Any CPU
		{4FA553B1-81BA-4E5C-A1AD-D3E025B99343}.Debug|Any CPU.Build.0 = Debug|Any CPU
		{4FA553B1-81BA-4E5C-A1AD-D3E025B99343}.Release|Any CPU.ActiveCfg = Release|Any CPU
		{4FA553B1-81BA-4E5C-A1AD-D3E025B99343}.Release|Any CPU.Build.0 = Release|Any CPU
	EndGlobalSection
	GlobalSection(SolutionProperties) = preSolution
		HideSolutionNode = FALSE
	EndGlobalSection
	GlobalSection(ExtensibilityGlobals) = postSolution
		SolutionGuid = {8DD908EC-D863-4C8A-AF82-448F795A0E8F}
	EndGlobalSection
EndGlobal
